
Microsoft Visual Studio Solution File, Format Version 12.00
# Visual Studio Version 16
VisualStudioVersion = 16.0.30717.126
MinimumVisualStudioVersion = 10.0.40219.1
Project("{FAE04EC0-301F-11D3-BF4B-00C04F79EFBC}") = "KellyTestProject", "KellyTestProject\KellyTestProject.csproj", "{F627B65D-C81A-4BDF-AAFE-7125BE3166C8}"
EndProject
Global
	GlobalSection(SolutionConfigurationPlatforms) = preSolution
		Debug|Any CPU = Debug|Any CPU
		Release|Any CPU = Release|Any CPU
	EndGlobalSection
	GlobalSection(ProjectConfigurationPlatforms) = postSolution
		{F627B65D-C81A-4BDF-AAFE-7125BE3166C8}.Debug|Any CPU.ActiveCfg = Debug|Any CPU
		{F627B65D-C81A-4BDF-AAFE-7125BE3166C8}.Debug|Any CPU.Build.0 = Debug|Any CPU
		{F627B65D-C81A-4BDF-AAFE-7125BE3166C8}.Release|Any CPU.ActiveCfg = Release|Any CPU
		{F627B65D-C81A-4BDF-AAFE-7125BE3166C8}.Release|Any CPU.Build.0 = Release|Any CPU
	EndGlobalSection
	GlobalSection(SolutionProperties) = preSolution
		HideSolutionNode = FALSE
	EndGlobalSection
	GlobalSection(ExtensibilityGlobals) = postSolution
		SolutionGuid = {B0E7AF22-F3C0-4A02-95E7-7FEA08300101}
	EndGlobalSection
EndGlobal
